// !$*UTF8*$!
{
	archiveVersion = 1;
	classes = {
	};
	objectVersion = 46;
	objects = {

/* Begin PBXBuildFile section */
		F4C815071A1F3BD70004C3A9 /* AppDelegate.swift in Sources */ = {isa = PBXBuildFile; fileRef = F4C815061A1F3BD70004C3A9 /* AppDelegate.swift */; };
		F4C815091A1F3BD70004C3A9 /* ViewController.swift in Sources */ = {isa = PBXBuildFile; fileRef = F4C815081A1F3BD70004C3A9 /* ViewController.swift */; };
		F4C8150C1A1F3BD70004C3A9 /* Main.storyboard in Resources */ = {isa = PBXBuildFile; fileRef = F4C8150A1A1F3BD70004C3A9 /* Main.storyboard */; };
		F4C8150E1A1F3BD70004C3A9 /* Images.xcassets in Resources */ = {isa = PBXBuildFile; fileRef = F4C8150D1A1F3BD70004C3A9 /* Images.xcassets */; };
		F4C815111A1F3BD70004C3A9 /* LaunchScreen.xib in Resources */ = {isa = PBXBuildFile; fileRef = F4C8150F1A1F3BD70004C3A9 /* LaunchScreen.xib */; };
		F4C8151D1A1F3BD70004C3A9 /* AudioDemoTests.swift in Sources */ = {isa = PBXBuildFile; fileRef = F4C8151C1A1F3BD70004C3A9 /* AudioDemoTests.swift */; };
/* End PBXBuildFile section */

/* Begin PBXContainerItemProxy section */
		F4C815171A1F3BD70004C3A9 /* PBXContainerItemProxy */ = {
			isa = PBXContainerItemProxy;
			containerPortal = F4C814F91A1F3BD70004C3A9 /* Project object */;
			proxyType = 1;
			remoteGlobalIDString = F4C815001A1F3BD70004C3A9;
			remoteInfo = AudioDemo;
		};
/* End PBXContainerItemProxy section */

/* Begin PBXFileReference section */
		F4C815011A1F3BD70004C3A9 /* AudioDemo.app */ = {isa = PBXFileReference; explicitFileType = wrapper.application; includeInIndex = 0; path = AudioDemo.app; sourceTree = BUILT_PRODUCTS_DIR; };
		F4C815051A1F3BD70004C3A9 /* Info.plist */ = {isa = PBXFileReference; lastKnownFileType = text.plist.xml; path = Info.plist; sourceTree = "<group>"; };
		F4C815061A1F3BD70004C3A9 /* AppDelegate.swift */ = {isa = PBXFileReference; lastKnownFileType = sourcecode.swift; path = AppDelegate.swift; sourceTree = "<group>"; };
		F4C815081A1F3BD70004C3A9 /* ViewController.swift */ = {isa = PBXFileReference; lastKnownFileType = sourcecode.swift; path = ViewController.swift; sourceTree = "<group>"; };
		F4C8150B1A1F3BD70004C3A9 /* Base */ = {isa = PBXFileReference; lastKnownFileType = file.storyboard; name = Base; path = Base.lproj/Main.storyboard; sourceTree = "<group>"; };
		F4C8150D1A1F3BD70004C3A9 /* Images.xcassets */ = {isa = PBXFileReference; lastKnownFileType = folder.assetcatalog; path = Images.xcassets; sourceTree = "<group>"; };
		F4C815101A1F3BD70004C3A9 /* Base */ = {isa = PBXFileReference; lastKnownFileType = file.xib; name = Base; path = Base.lproj/LaunchScreen.xib; sourceTree = "<group>"; };
		F4C815161A1F3BD70004C3A9 /* AudioDemoTests.xctest */ = {isa = PBXFileReference; explicitFileType = wrapper.cfbundle; includeInIndex = 0; path = AudioDemoTests.xctest; sourceTree = BUILT_PRODUCTS_DIR; };
		F4C8151B1A1F3BD70004C3A9 /* Info.plist */ = {isa = PBXFileReference; lastKnownFileType = text.plist.xml; path = Info.plist; sourceTree = "<group>"; };
		F4C8151C1A1F3BD70004C3A9 /* AudioDemoTests.swift */ = {isa = PBXFileReference; lastKnownFileType = sourcecode.swift; path = AudioDemoTests.swift; sourceTree = "<group>"; };
/* End PBXFileReference section */

/* Begin PBXFrameworksBuildPhase section */
		F4C814FE1A1F3BD70004C3A9 /* Frameworks */ = {
			isa = PBXFrameworksBuildPhase;
			buildActionMask = 2147483647;
			files = (
			);
			runOnlyForDeploymentPostprocessing = 0;
		};
		F4C815131A1F3BD70004C3A9 /* Frameworks */ = {
			isa = PBXFrameworksBuildPhase;
			buildActionMask = 2147483647;
			files = (
			);
			runOnlyForDeploymentPostprocessing = 0;
		};
/* End PBXFrameworksBuildPhase section */

/* Begin PBXGroup section */
		F4C814F81A1F3BD70004C3A9 = {
			isa = PBXGroup;
			children = (
				F4C815031A1F3BD70004C3A9 /* AudioDemo */,
				F4C815191A1F3BD70004C3A9 /* AudioDemoTests */,
				F4C815021A1F3BD70004C3A9 /* Products */,
			);
			sourceTree = "<group>";
		};
		F4C815021A1F3BD70004C3A9 /* Products */ = {
			isa = PBXGroup;
			children = (
				F4C815011A1F3BD70004C3A9 /* AudioDemo.app */,
				F4C815161A1F3BD70004C3A9 /* AudioDemoTests.xctest */,
			);
			name = Products;
			sourceTree = "<group>";
		};
		F4C815031A1F3BD70004C3A9 /* AudioDemo */ = {
			isa = PBXGroup;
			children = (
				F4C815061A1F3BD70004C3A9 /* AppDelegate.swift */,
				F4C815081A1F3BD70004C3A9 /* ViewController.swift */,
				F4C8150A1A1F3BD70004C3A9 /* Main.storyboard */,
				F4C8150D1A1F3BD70004C3A9 /* Images.xcassets */,
				F4C8150F1A1F3BD70004C3A9 /* LaunchScreen.xib */,
				F4C815041A1F3BD70004C3A9 /* Supporting Files */,
			);
			path = AudioDemo;
			sourceTree = "<group>";
		};
		F4C815041A1F3BD70004C3A9 /* Supporting Files */ = {
			isa = PBXGroup;
			children = (
				F4C815051A1F3BD70004C3A9 /* Info.plist */,
			);
			name = "Supporting Files";
			sourceTree = "<group>";
		};
		F4C815191A1F3BD70004C3A9 /* AudioDemoTests */ = {
			isa = PBXGroup;
			children = (
				F4C8151C1A1F3BD70004C3A9 /* AudioDemoTests.swift */,
				F4C8151A1A1F3BD70004C3A9 /* Supporting Files */,
			);
			path = AudioDemoTests;
			sourceTree = "<group>";
		};
		F4C8151A1A1F3BD70004C3A9 /* Supporting Files */ = {
			isa = PBXGroup;
			children = (
				F4C8151B1A1F3BD70004C3A9 /* Info.plist */,
			);
			name = "Supporting Files";
			sourceTree = "<group>";
		};
/* End PBXGroup section */

/* Begin PBXNativeTarget section */
		F4C815001A1F3BD70004C3A9 /* AudioDemo */ = {
			isa = PBXNativeTarget;
			buildConfigurationList = F4C815201A1F3BD70004C3A9 /* Build configuration list for PBXNativeTarget "AudioDemo" */;
			buildPhases = (
				F4C814FD1A1F3BD70004C3A9 /* Sources */,
				F4C814FE1A1F3BD70004C3A9 /* Frameworks */,
				F4C814FF1A1F3BD70004C3A9 /* Resources */,
			);
			buildRules = (
			);
			dependencies = (
			);
			name = AudioDemo;
			productName = AudioDemo;
			productReference = F4C815011A1F3BD70004C3A9 /* AudioDemo.app */;
			productType = "com.apple.product-type.application";
		};
		F4C815151A1F3BD70004C3A9 /* AudioDemoTests */ = {
			isa = PBXNativeTarget;
			buildConfigurationList = F4C815231A1F3BD70004C3A9 /* Build configuration list for PBXNativeTarget "AudioDemoTests" */;
			buildPhases = (
				F4C815121A1F3BD70004C3A9 /* Sources */,
				F4C815131A1F3BD70004C3A9 /* Frameworks */,
				F4C815141A1F3BD70004C3A9 /* Resources */,
			);
			buildRules = (
			);
			dependencies = (
				F4C815181A1F3BD70004C3A9 /* PBXTargetDependency */,
			);
			name = AudioDemoTests;
			productName = AudioDemoTests;
			productReference = F4C815161A1F3BD70004C3A9 /* AudioDemoTests.xctest */;
			productType = "com.apple.product-type.bundle.unit-test";
		};
/* End PBXNativeTarget section */

/* Begin PBXProject section */
		F4C814F91A1F3BD70004C3A9 /* Project object */ = {
			isa = PBXProject;
			attributes = {
				LastSwiftUpdateCheck = 0700;
				LastUpgradeCheck = 0700;
				ORGANIZATIONNAME = AppCoda;
				TargetAttributes = {
					F4C815001A1F3BD70004C3A9 = {
						CreatedOnToolsVersion = 6.1;
						DevelopmentTeam = G6S7ZBAKR3;
					};
					F4C815151A1F3BD70004C3A9 = {
						CreatedOnToolsVersion = 6.1;
						TestTargetID = F4C815001A1F3BD70004C3A9;
					};
				};
			};
			buildConfigurationList = F4C814FC1A1F3BD70004C3A9 /* Build configuration list for PBXProject "AudioDemo" */;
			compatibilityVersion = "Xcode 3.2";
			developmentRegion = English;
			hasScannedForEncodings = 0;
			knownRegions = (
				en,
				Base,
			);
			mainGroup = F4C814F81A1F3BD70004C3A9;
			productRefGroup = F4C815021A1F3BD70004C3A9 /* Products */;
			projectDirPath = "";
			projectRoot = "";
			targets = (
				F4C815001A1F3BD70004C3A9 /* AudioDemo */,
				F4C815151A1F3BD70004C3A9 /* AudioDemoTests */,
			);
		};
/* End PBXProject section */

/* Begin PBXResourcesBuildPhase section */
		F4C814FF1A1F3BD70004C3A9 /* Resources */ = {
			isa = PBXResourcesBuildPhase;
			buildActionMask = 2147483647;
			files = (
				F4C8150C1A1F3BD70004C3A9 /* Main.storyboard in Resources */,
				F4C815111A1F3BD70004C3A9 /* LaunchScreen.xib in Resources */,
				F4C8150E1A1F3BD70004C3A9 /* Images.xcassets in Resources */,
			);
			runOnlyForDeploymentPostprocessing = 0;
		};
		F4C815141A1F3BD70004C3A9 /* Resources */ = {
			isa = PBXResourcesBuildPhase;
			buildActionMask = 2147483647;
			files = (
			);
			runOnlyForDeploymentPostprocessing = 0;
		};
/* End PBXResourcesBuildPhase section */

/* Begin PBXSourcesBuildPhase section */
		F4C814FD1A1F3BD70004C3A9 /* Sources */ = {
			isa = PBXSourcesBuildPhase;
			buildActionMask = 2147483647;
			files = (
				F4C815091A1F3BD70004C3A9 /* ViewController.swift in Sources */,
				F4C815071A1F3BD70004C3A9 /* AppDelegate.swift in Sources */,
			);
			runOnlyForDeploymentPostprocessing = 0;
		};
		F4C815121A1F3BD70004C3A9 /* Sources */ = {
			isa = PBXSourcesBuildPhase;
			buildActionMask = 2147483647;
			files = (
				F4C8151D1A1F3BD70004C3A9 /* AudioDemoTests.swift in Sources */,
			);
			runOnlyForDeploymentPostprocessing = 0;
		};
/* End PBXSourcesBuildPhase section */

/* Begin PBXTargetDependency section */
		F4C815181A1F3BD70004C3A9 /* PBXTargetDependency */ = {
			isa = PBXTargetDependency;
			target = F4C815001A1F3BD70004C3A9 /* AudioDemo */;
			targetProxy = F4C815171A1F3BD70004C3A9 /* PBXContainerItemProxy */;
		};
/* End PBXTargetDependency section */

/* Begin PBXVariantGroup section */
		F4C8150A1A1F3BD70004C3A9 /* Main.storyboard */ = {
			isa = PBXVariantGroup;
			children = (
				F4C8150B1A1F3BD70004C3A9 /* Base */,
			);
			name = Main.storyboard;
			sourceTree = "<group>";
		};
		F4C8150F1A1F3BD70004C3A9 /* LaunchScreen.xib */ = {
			isa = PBXVariantGroup;
			children = (
				F4C815101A1F3BD70004C3A9 /* Base */,
			);
			name = LaunchScreen.xib;
			sourceTree = "<group>";
		};
/* End PBXVariantGroup section */

/* Begin XCBuildConfiguration section */
		F4C8151E1A1F3BD70004C3A9 /* Debug */ = {
			isa = XCBuildConfiguration;
			buildSettings = {
				ALWAYS_SEARCH_USER_PATHS = NO;
				CLANG_CXX_LANGUAGE_STANDARD = "gnu++0x";
				CLANG_CXX_LIBRARY = "libc++";
				CLANG_ENABLE_MODULES = YES;
				CLANG_ENABLE_OBJC_ARC = YES;
				CLANG_WARN_BOOL_CONVERSION = YES;
				CLANG_WARN_CONSTANT_CONVERSION = YES;
				CLANG_WARN_DIRECT_OBJC_ISA_USAGE = YES_ERROR;
				CLANG_WARN_EMPTY_BODY = YES;
				CLANG_WARN_ENUM_CONVERSION = YES;
				CLANG_WARN_INT_CONVERSION = YES;
				CLANG_WARN_OBJC_ROOT_CLASS = YES_ERROR;
				CLANG_WARN_UNREACHABLE_CODE = YES;
				CLANG_WARN__DUPLICATE_METHOD_MATCH = YES;
				"CODE_SIGN_IDENTITY[sdk=iphoneos*]" = "iPhone Developer";
				COPY_PHASE_STRIP = NO;
				ENABLE_STRICT_OBJC_MSGSEND = YES;
				ENABLE_TESTABILITY = YES;
				GCC_C_LANGUAGE_STANDARD = gnu99;
				GCC_DYNAMIC_NO_PIC = NO;
				GCC_OPTIMIZATION_LEVEL = 0;
				GCC_PREPROCESSOR_DEFINITIONS = (
					"DEBUG=1",
					"$(inherited)",
				);
				GCC_SYMBOLS_PRIVATE_EXTERN = NO;
				GCC_WARN_64_TO_32_BIT_CONVERSION = YES;
				GCC_WARN_ABOUT_RETURN_TYPE = YES_ERROR;
				GCC_WARN_UNDECLARED_SELECTOR = YES;
				GCC_WARN_UNINITIALIZED_AUTOS = YES_AGGRESSIVE;
				GCC_WARN_UNUSED_FUNCTION = YES;
				GCC_WARN_UNUSED_VARIABLE = YES;
				IPHONEOS_DEPLOYMENT_TARGET = 9.0;
				MTL_ENABLE_DEBUG_INFO = YES;
				ONLY_ACTIVE_ARCH = YES;
				SDKROOT = iphoneos;
				SWIFT_OPTIMIZATION_LEVEL = "-Onone";
			};
			name = Debug;
		};
		F4C8151F1A1F3BD70004C3A9 /* Release */ = {
			isa = XCBuildConfiguration;
			buildSettings = {
				ALWAYS_SEARCH_USER_PATHS = NO;
				CLANG_CXX_LANGUAGE_STANDARD = "gnu++0x";
				CLANG_CXX_LIBRARY = "libc++";
				CLANG_ENABLE_MODULES = YES;
				CLANG_ENABLE_OBJC_ARC = YES;
				CLANG_WARN_BOOL_CONVERSION = YES;
				CLANG_WARN_CONSTANT_CONVERSION = YES;
				CLANG_WARN_DIRECT_OBJC_ISA_USAGE = YES_ERROR;
				CLANG_WARN_EMPTY_BODY = YES;
				CLANG_WARN_ENUM_CONVERSION = YES;
				CLANG_WARN_INT_CONVERSION = YES;
				CLANG_WARN_OBJC_ROOT_CLASS = YES_ERROR;
				CLANG_WARN_UNREACHABLE_CODE = YES;
				CLANG_WARN__DUPLICATE_METHOD_MATCH = YES;
				"CODE_SIGN_IDENTITY[sdk=iphoneos*]" = "iPhone Developer";
				COPY_PHASE_STRIP = YES;
				ENABLE_NS_ASSERTIONS = NO;
				ENABLE_STRICT_OBJC_MSGSEND = YES;
				GCC_C_LANGUAGE_STANDARD = gnu99;
				GCC_WARN_64_TO_32_BIT_CONVERSION = YES;
				GCC_WARN_ABOUT_RETURN_TYPE = YES_ERROR;
				GCC_WARN_UNDECLARED_SELECTOR = YES;
				GCC_WARN_UNINITIALIZED_AUTOS = YES_AGGRESSIVE;
				GCC_WARN_UNUSED_FUNCTION = YES;
				GCC_WARN_UNUSED_VARIABLE = YES;
				IPHONEOS_DEPLOYMENT_TARGET = 9.0;
				MTL_ENABLE_DEBUG_INFO = NO;
				SDKROOT = iphoneos;
				VALIDATE_PRODUCT = YES;
			};
			name = Release;
		};
		F4C815211A1F3BD70004C3A9 /* Debug */ = {
			isa = XCBuildConfiguration;
			buildSettings = {
				ASSETCATALOG_COMPILER_APPICON_NAME = AppIcon;
				CODE_SIGN_IDENTITY = "iPhone Developer";
				"CODE_SIGN_IDENTITY[sdk=iphoneos*]" = "iPhone Developer";
				INFOPLIST_FILE = AudioDemo/Info.plist;
				LD_RUNPATH_SEARCH_PATHS = "$(inherited) @executable_path/Frameworks";
				PRODUCT_BUNDLE_IDENTIFIER = tiennguyen.ftu.k52.AudioDemo;
				PRODUCT_NAME = "$(TARGET_NAME)";
				PROVISIONING_PROFILE = "";
			};
			name = Debug;
		};
		F4C815221A1F3BD70004C3A9 /* Release */ = {
			isa = XCBuildConfiguration;
			buildSettings = {
				ASSETCATALOG_COMPILER_APPICON_NAME = AppIcon;
				CODE_SIGN_IDENTITY = "iPhone Developer";
				"CODE_SIGN_IDENTITY[sdk=iphoneos*]" = "iPhone Developer";
				INFOPLIST_FILE = AudioDemo/Info.plist;
				LD_RUNPATH_SEARCH_PATHS = "$(inherited) @executable_path/Frameworks";
				PRODUCT_BUNDLE_IDENTIFIER = tiennguyen.ftu.k52.AudioDemo;
				PRODUCT_NAME = "$(TARGET_NAME)";
				PROVISIONING_PROFILE = "";
			};
			name = Release;
		};
		F4C815241A1F3BD70004C3A9 /* Debug */ = {
			isa = XCBuildConfiguration;
			buildSettings = {
				BUNDLE_LOADER = "$(TEST_HOST)";
				FRAMEWORK_SEARCH_PATHS = (
					"$(SDKROOT)/Developer/Library/Frameworks",
					"$(inherited)",
				);
				GCC_PREPROCESSOR_DEFINITIONS = (
					"DEBUG=1",
					"$(inherited)",
				);
				INFOPLIST_FILE = AudioDemoTests/Info.plist;
				LD_RUNPATH_SEARCH_PATHS = "$(inherited) @executable_path/Frameworks @loader_path/Frameworks";
				PRODUCT_BUNDLE_IDENTIFIER = "com.appcoda.$(PRODUCT_NAME:rfc1034identifier)";
				PRODUCT_NAME = "$(TARGET_NAME)";
				TEST_HOST = "$(BUILT_PRODUCTS_DIR)/AudioDemo.app/AudioDemo";
			};
			name = Debug;
		};
		F4C815251A1F3BD70004C3A9 /* Release */ = {
			isa = XCBuildConfiguration;
			buildSettings = {
				BUNDLE_LOADER = "$(TEST_HOST)";
				FRAMEWORK_SEARCH_PATHS = (
					"$(SDKROOT)/Developer/Library/Frameworks",
					"$(inherited)",
				);
				INFOPLIST_FILE = AudioDemoTests/Info.plist;
				LD_RUNPATH_SEARCH_PATHS = "$(inherited) @executable_path/Frameworks @loader_path/Frameworks";
				PRODUCT_BUNDLE_IDENTIFIER = "com.appcoda.$(PRODUCT_NAME:rfc1034identifier)";
				PRODUCT_NAME = "$(TARGET_NAME)";
				TEST_HOST = "$(BUILT_PRODUCTS_DIR)/AudioDemo.app/AudioDemo";
			};
			name = Release;
		};
/* End XCBuildConfiguration section */

/* Begin XCConfigurationList section */
		F4C814FC1A1F3BD70004C3A9 /* Build configuration list for PBXProject "AudioDemo" */ = {
			isa = XCConfigurationList;
			buildConfigurations = (
				F4C8151E1A1F3BD70004C3A9 /* Debug */,
				F4C8151F1A1F3BD70004C3A9 /* Release */,
			);
			defaultConfigurationIsVisible = 0;
			defaultConfigurationName = Release;
		};
		F4C815201A1F3BD70004C3A9 /* Build configuration list for PBXNativeTarget "AudioDemo" */ = {
			isa = XCConfigurationList;
			buildConfigurations = (
				F4C815211A1F3BD70004C3A9 /* Debug */,
				F4C815221A1F3BD70004C3A9 /* Release */,
			);
			defaultConfigurationIsVisible = 0;
			defaultConfigurationName = Release;
		};
		F4C815231A1F3BD70004C3A9 /* Build configuration list for PBXNativeTarget "AudioDemoTests" */ = {
			isa = XCConfigurationList;
			buildConfigurations = (
				F4C815241A1F3BD70004C3A9 /* Debug */,
				F4C815251A1F3BD70004C3A9 /* Release */,
			);
			defaultConfigurationIsVisible = 0;
			defaultConfigurationName = Release;
		};
/* End XCConfigurationList section */
	};
	rootObject = F4C814F91A1F3BD70004C3A9 /* Project object */;
}
